// !$*UTF8*$!
{
	archiveVersion = 1;
	classes = {
	};
	objectVersion = 46;
	objects = {

/* Begin PBXBuildFile section */
		A1431F3C1E4C0A6A001BF142 /* main.m in Sources */ = {isa = PBXBuildFile; fileRef = A1431F3B1E4C0A6A001BF142 /* main.m */; };
		A1431F3F1E4C0A6A001BF142 /* AppDelegate.m in Sources */ = {isa = PBXBuildFile; fileRef = A1431F3E1E4C0A6A001BF142 /* AppDelegate.m */; };
		A1431F421E4C0A6A001BF142 /* ViewController.m in Sources */ = {isa = PBXBuildFile; fileRef = A1431F411E4C0A6A001BF142 /* ViewController.m */; };
		A1431F451E4C0A6A001BF142 /* Main.storyboard in Resources */ = {isa = PBXBuildFile; fileRef = A1431F431E4C0A6A001BF142 /* Main.storyboard */; };
		A1431F471E4C0A6A001BF142 /* Assets.xcassets in Resources */ = {isa = PBXBuildFile; fileRef = A1431F461E4C0A6A001BF142 /* Assets.xcassets */; };
		A1431F4A1E4C0A6A001BF142 /* LaunchScreen.storyboard in Resources */ = {isa = PBXBuildFile; fileRef = A1431F481E4C0A6A001BF142 /* LaunchScreen.storyboard */; };
/* End PBXBuildFile section */

/* Begin PBXFileReference section */
		A1431F371E4C0A6A001BF142 /* RyWebChat.app */ = {isa = PBXFileReference; explicitFileType = wrapper.application; includeInIndex = 0; path = RyWebChat.app; sourceTree = BUILT_PRODUCTS_DIR; };
		A1431F3B1E4C0A6A001BF142 /* main.m */ = {isa = PBXFileReference; lastKnownFileType = sourcecode.c.objc; path = main.m; sourceTree = "<group>"; };
		A1431F3D1E4C0A6A001BF142 /* AppDelegate.h */ = {isa = PBXFileReference; lastKnownFileType = sourcecode.c.h; path = AppDelegate.h; sourceTree = "<group>"; };
		A1431F3E1E4C0A6A001BF142 /* AppDelegate.m */ = {isa = PBXFileReference; lastKnownFileType = sourcecode.c.objc; path = AppDelegate.m; sourceTree = "<group>"; };
		A1431F401E4C0A6A001BF142 /* ViewController.h */ = {isa = PBXFileReference; lastKnownFileType = sourcecode.c.h; path = ViewController.h; sourceTree = "<group>"; };
		A1431F411E4C0A6A001BF142 /* ViewController.m */ = {isa = PBXFileReference; lastKnownFileType = sourcecode.c.objc; path = ViewController.m; sourceTree = "<group>"; };
		A1431F441E4C0A6A001BF142 /* Base */ = {isa = PBXFileReference; lastKnownFileType = file.storyboard; name = Base; path = Base.lproj/Main.storyboard; sourceTree = "<group>"; };
		A1431F461E4C0A6A001BF142 /* Assets.xcassets */ = {isa = PBXFileReference; lastKnownFileType = folder.assetcatalog; path = Assets.xcassets; sourceTree = "<group>"; };
		A1431F491E4C0A6A001BF142 /* Base */ = {isa = PBXFileReference; lastKnownFileType = file.storyboard; name = Base; path = Base.lproj/LaunchScreen.storyboard; sourceTree = "<group>"; };
		A1431F4B1E4C0A6A001BF142 /* Info.plist */ = {isa = PBXFileReference; lastKnownFileType = text.plist.xml; path = Info.plist; sourceTree = "<group>"; };
/* End PBXFileReference section */

/* Begin PBXFrameworksBuildPhase section */
		A1431F341E4C0A6A001BF142 /* Frameworks */ = {
			isa = PBXFrameworksBuildPhase;
			buildActionMask = 2147483647;
			files = (
			);
			runOnlyForDeploymentPostprocessing = 0;
		};
/* End PBXFrameworksBuildPhase section */

/* Begin PBXGroup section */
		A1431F2E1E4C0A6A001BF142 = {
			isa = PBXGroup;
			children = (
				A1431F391E4C0A6A001BF142 /* RyWebChat */,
				A1431F381E4C0A6A001BF142 /* Products */,
			);
			sourceTree = "<group>";
		};
		A1431F381E4C0A6A001BF142 /* Products */ = {
			isa = PBXGroup;
			children = (
				A1431F371E4C0A6A001BF142 /* RyWebChat.app */,
			);
			name = Products;
			sourceTree = "<group>";
		};
		A1431F391E4C0A6A001BF142 /* RyWebChat */ = {
			isa = PBXGroup;
			children = (
				A1431F3D1E4C0A6A001BF142 /* AppDelegate.h */,
				A1431F3E1E4C0A6A001BF142 /* AppDelegate.m */,
				A1431F401E4C0A6A001BF142 /* ViewController.h */,
				A1431F411E4C0A6A001BF142 /* ViewController.m */,
				A1431F431E4C0A6A001BF142 /* Main.storyboard */,
				A1431F461E4C0A6A001BF142 /* Assets.xcassets */,
				A1431F481E4C0A6A001BF142 /* LaunchScreen.storyboard */,
				A1431F4B1E4C0A6A001BF142 /* Info.plist */,
				A1431F3A1E4C0A6A001BF142 /* Supporting Files */,
			);
			path = RyWebChat;
			sourceTree = "<group>";
		};
		A1431F3A1E4C0A6A001BF142 /* Supporting Files */ = {
			isa = PBXGroup;
			children = (
				A1431F3B1E4C0A6A001BF142 /* main.m */,
			);
			name = "Supporting Files";
			sourceTree = "<group>";
		};
/* End PBXGroup section */

/* Begin PBXNativeTarget section */
		A1431F361E4C0A6A001BF142 /* RyWebChat */ = {
			isa = PBXNativeTarget;
			buildConfigurationList = A1431F4E1E4C0A6A001BF142 /* Build configuration list for PBXNativeTarget "RyWebChat" */;
			buildPhases = (
				A1431F331E4C0A6A001BF142 /* Sources */,
				A1431F341E4C0A6A001BF142 /* Frameworks */,
				A1431F351E4C0A6A001BF142 /* Resources */,
			);
			buildRules = (
			);
			dependencies = (
			);
			name = RyWebChat;
			productName = RyWebChat;
			productReference = A1431F371E4C0A6A001BF142 /* RyWebChat.app */;
			productType = "com.apple.product-type.application";
		};
/* End PBXNativeTarget section */

/* Begin PBXProject section */
		A1431F2F1E4C0A6A001BF142 /* Project object */ = {
			isa = PBXProject;
			attributes = {
				LastUpgradeCheck = 0730;
				ORGANIZATIONNAME = nwkcom.sh.n22;
				TargetAttributes = {
					A1431F361E4C0A6A001BF142 = {
						CreatedOnToolsVersion = 7.3.1;
					};
				};
			};
			buildConfigurationList = A1431F321E4C0A6A001BF142 /* Build configuration list for PBXProject "RyWebChat" */;
			compatibilityVersion = "Xcode 3.2";
			developmentRegion = English;
			hasScannedForEncodings = 0;
			knownRegions = (
				en,
				Base,
			);
			mainGroup = A1431F2E1E4C0A6A001BF142;
			productRefGroup = A1431F381E4C0A6A001BF142 /* Products */;
			projectDirPath = "";
			projectRoot = "";
			targets = (
				A1431F361E4C0A6A001BF142 /* RyWebChat */,
			);
		};
/* End PBXProject section */

/* Begin PBXResourcesBuildPhase section */
		A1431F351E4C0A6A001BF142 /* Resources */ = {
			isa = PBXResourcesBuildPhase;
			buildActionMask = 2147483647;
			files = (
				A1431F4A1E4C0A6A001BF142 /* LaunchScreen.storyboard in Resources */,
				A1431F471E4C0A6A001BF142 /* Assets.xcassets in Resources */,
				A1431F451E4C0A6A001BF142 /* Main.storyboard in Resources */,
			);
			runOnlyForDeploymentPostprocessing = 0;
		};
/* End PBXResourcesBuildPhase section */

/* Begin PBXSourcesBuildPhase section */
		A1431F331E4C0A6A001BF142 /* Sources */ = {
			isa = PBXSourcesBuildPhase;
			buildActionMask = 2147483647;
			files = (
				A1431F421E4C0A6A001BF142 /* ViewController.m in Sources */,
				A1431F3F1E4C0A6A001BF142 /* AppDelegate.m in Sources */,
				A1431F3C1E4C0A6A001BF142 /* main.m in Sources */,
			);
			runOnlyForDeploymentPostprocessing = 0;
		};
/* End PBXSourcesBuildPhase section */

/* Begin PBXVariantGroup section */
		A1431F431E4C0A6A001BF142 /* Main.storyboard */ = {
			isa = PBXVariantGroup;
			children = (
				A1431F441E4C0A6A001BF142 /* Base */,
			);
			name = Main.storyboard;
			sourceTree = "<group>";
		};
		A1431F481E4C0A6A001BF142 /* LaunchScreen.storyboard */ = {
			isa = PBXVariantGroup;
			children = (
				A1431F491E4C0A6A001BF142 /* Base */,
			);
			name = LaunchScreen.storyboard;
			sourceTree = "<group>";
		};
/* End PBXVariantGroup section */

/* Begin XCBuildConfiguration section */
		A1431F4C1E4C0A6A001BF142 /* Debug */ = {
			isa = XCBuildConfiguration;
			buildSettings = {
				ALWAYS_SEARCH_USER_PATHS = NO;
				CLANG_ANALYZER_NONNULL = YES;
				CLANG_CXX_LANGUAGE_STANDARD = "gnu++0x";
				CLANG_CXX_LIBRARY = "libc++";
				CLANG_ENABLE_MODULES = YES;
				CLANG_ENABLE_OBJC_ARC = YES;
				CLANG_WARN_BOOL_CONVERSION = YES;
				CLANG_WARN_CONSTANT_CONVERSION = YES;
				CLANG_WARN_DIRECT_OBJC_ISA_USAGE = YES_ERROR;
				CLANG_WARN_EMPTY_BODY = YES;
				CLANG_WARN_ENUM_CONVERSION = YES;
				CLANG_WARN_INT_CONVERSION = YES;
				CLANG_WARN_OBJC_ROOT_CLASS = YES_ERROR;
				CLANG_WARN_UNREACHABLE_CODE = YES;
				CLANG_WARN__DUPLICATE_METHOD_MATCH = YES;
				"CODE_SIGN_IDENTITY[sdk=iphoneos*]" = "iPhone Developer";
				COPY_PHASE_STRIP = NO;
				DEBUG_INFORMATION_FORMAT = dwarf;
				ENABLE_STRICT_OBJC_MSGSEND = YES;
				ENABLE_TESTABILITY = YES;
				GCC_C_LANGUAGE_STANDARD = gnu99;
				GCC_DYNAMIC_NO_PIC = NO;
				GCC_NO_COMMON_BLOCKS = YES;
				GCC_OPTIMIZATION_LEVEL = 0;
				GCC_PREPROCESSOR_DEFINITIONS = (
					"DEBUG=1",
					"$(inherited)",
				);
				GCC_WARN_64_TO_32_BIT_CONVERSION = YES;
				GCC_WARN_ABOUT_RETURN_TYPE = YES_ERROR;
				GCC_WARN_UNDECLARED_SELECTOR = YES;
				GCC_WARN_UNINITIALIZED_AUTOS = YES_AGGRESSIVE;
				GCC_WARN_UNUSED_FUNCTION = YES;
				GCC_WARN_UNUSED_VARIABLE = YES;
				IPHONEOS_DEPLOYMENT_TARGET = 9.3;
				MTL_ENABLE_DEBUG_INFO = YES;
				ONLY_ACTIVE_ARCH = YES;
				SDKROOT = iphoneos;
			};
			name = Debug;
		};
		A1431F4D1E4C0A6A001BF142 /* Release */ = {
			isa = XCBuildConfiguration;
			buildSettings = {
				ALWAYS_SEARCH_USER_PATHS = NO;
				CLANG_ANALYZER_NONNULL = YES;
				CLANG_CXX_LANGUAGE_STANDARD = "gnu++0x";
				CLANG_CXX_LIBRARY = "libc++";
				CLANG_ENABLE_MODULES = YES;
				CLANG_ENABLE_OBJC_ARC = YES;
				CLANG_WARN_BOOL_CONVERSION = YES;
				CLANG_WARN_CONSTANT_CONVERSION = YES;
				CLANG_WARN_DIRECT_OBJC_ISA_USAGE = YES_ERROR;
				CLANG_WARN_EMPTY_BODY = YES;
				CLANG_WARN_ENUM_CONVERSION = YES;
				CLANG_WARN_INT_CONVERSION = YES;
				CLANG_WARN_OBJC_ROOT_CLASS = YES_ERROR;
				CLANG_WARN_UNREACHABLE_CODE = YES;
				CLANG_WARN__DUPLICATE_METHOD_MATCH = YES;
				"CODE_SIGN_IDENTITY[sdk=iphoneos*]" = "iPhone Developer";
				COPY_PHASE_STRIP = NO;
				DEBUG_INFORMATION_FORMAT = "dwarf-with-dsym";
				ENABLE_NS_ASSERTIONS = NO;
				ENABLE_STRICT_OBJC_MSGSEND = YES;
				GCC_C_LANGUAGE_STANDARD = gnu99;
				GCC_NO_COMMON_BLOCKS = YES;
				GCC_WARN_64_TO_32_BIT_CONVERSION = YES;
				GCC_WARN_ABOUT_RETURN_TYPE = YES_ERROR;
				GCC_WARN_UNDECLARED_SELECTOR = YES;
				GCC_WARN_UNINITIALIZED_AUTOS = YES_AGGRESSIVE;
				GCC_WARN_UNUSED_FUNCTION = YES;
				GCC_WARN_UNUSED_VARIABLE = YES;
				IPHONEOS_DEPLOYMENT_TARGET = 9.3;
				MTL_ENABLE_DEBUG_INFO = NO;
				SDKROOT = iphoneos;
				VALIDATE_PRODUCT = YES;
			};
			name = Release;
		};
		A1431F4F1E4C0A6A001BF142 /* Debug */ = {
			isa = XCBuildConfiguration;
			buildSettings = {
				ASSETCATALOG_COMPILER_APPICON_NAME = AppIcon;
				INFOPLIST_FILE = RyWebChat/Info.plist;
				LD_RUNPATH_SEARCH_PATHS = "$(inherited) @executable_path/Frameworks";
				PRODUCT_BUNDLE_IDENTIFIER = com.n22.nwk.RyWebChat;
				PRODUCT_NAME = "$(TARGET_NAME)";
			};
			name = Debug;
		};
		A1431F501E4C0A6A001BF142 /* Release */ = {
			isa = XCBuildConfiguration;
			buildSettings = {
				ASSETCATALOG_COMPILER_APPICON_NAME = AppIcon;
				INFOPLIST_FILE = RyWebChat/Info.plist;
				LD_RUNPATH_SEARCH_PATHS = "$(inherited) @executable_path/Frameworks";
				PRODUCT_BUNDLE_IDENTIFIER = com.n22.nwk.RyWebChat;
				PRODUCT_NAME = "$(TARGET_NAME)";
			};
			name = Release;
		};
/* End XCBuildConfiguration section */

/* Begin XCConfigurationList section */
		A1431F321E4C0A6A001BF142 /* Build configuration list for PBXProject "RyWebChat" */ = {
			isa = XCConfigurationList;
			buildConfigurations = (
				A1431F4C1E4C0A6A001BF142 /* Debug */,
				A1431F4D1E4C0A6A001BF142 /* Release */,
			);
			defaultConfigurationIsVisible = 0;
			defaultConfigurationName = Release;
		};
		A1431F4E1E4C0A6A001BF142 /* Build configuration list for PBXNativeTarget "RyWebChat" */ = {
			isa = XCConfigurationList;
			buildConfigurations = (
				A1431F4F1E4C0A6A001BF142 /* Debug */,
				A1431F501E4C0A6A001BF142 /* Release */,
			);
			defaultConfigurationIsVisible = 0;
		};
/* End XCConfigurationList section */
	};
	rootObject = A1431F2F1E4C0A6A001BF142 /* Project object */;
}
